
Microsoft Visual Studio Solution File, Format Version 12.00
# Visual Studio Version 17
VisualStudioVersion = 17.4.33103.184
MinimumVisualStudioVersion = 10.0.40219.1
Project("{8BC9CEB8-8B4A-11D0-8D11-00A0C91BC942}") = "MemoryGames", "MemoryGames\MemoryGames.vcxproj", "{23378FF7-1766-4CE5-A347-4852DB172E42}"
EndProject
Global
	GlobalSection(SolutionConfigurationPlatforms) = preSolution
		Debug|x64 = Debug|x64
		Debug|x86 = Debug|x86
		Release|x64 = Release|x64
		Release|x86 = Release|x86
	EndGlobalSection
	GlobalSection(ProjectConfigurationPlatforms) = postSolution
		{23378FF7-1766-4CE5-A347-4852DB172E42}.Debug|x64.ActiveCfg = Debug|x64
		{23378FF7-1766-4CE5-A347-4852DB172E42}.Debug|x64.Build.0 = Debug|x64
		{23378FF7-1766-4CE5-A347-4852DB172E42}.Debug|x86.ActiveCfg = Debug|Win32
		{23378FF7-1766-4CE5-A347-4852DB172E42}.Debug|x86.Build.0 = Debug|Win32
		{23378FF7-1766-4CE5-A347-4852DB172E42}.Release|x64.ActiveCfg = Release|x64
		{23378FF7-1766-4CE5-A347-4852DB172E42}.Release|x64.Build.0 = Release|x64
		{23378FF7-1766-4CE5-A347-4852DB172E42}.Release|x86.ActiveCfg = Release|Win32
		{23378FF7-1766-4CE5-A347-4852DB172E42}.Release|x86.Build.0 = Release|Win32
	EndGlobalSection
	GlobalSection(SolutionProperties) = preSolution
		HideSolutionNode = FALSE
	EndGlobalSection
	GlobalSection(ExtensibilityGlobals) = postSolution
		SolutionGuid = {4ECD1509-57A2-4C0F-B89D-B8C07FE3BAA6}
	EndGlobalSection
EndGlobal
